
Microsoft Visual Studio Solution File, Format Version 12.00
# Visual Studio Version 16
VisualStudioVersion = 16.0.29512.175
MinimumVisualStudioVersion = 10.0.40219.1
Project("{FAE04EC0-301F-11D3-BF4B-00C04F79EFBC}") = "Foodeez", "Foodeez\Foodeez.csproj", "{900BAC64-FD8D-4B73-B182-48A0CE365BE2}"
EndProject
Global
	GlobalSection(SolutionConfigurationPlatforms) = preSolution
		Debug|Any CPU = Debug|Any CPU
		Release|Any CPU = Release|Any CPU
	EndGlobalSection
	GlobalSection(ProjectConfigurationPlatforms) = postSolution
		{900BAC64-FD8D-4B73-B182-48A0CE365BE2}.Debug|Any CPU.ActiveCfg = Debug|Any CPU
		{900BAC64-FD8D-4B73-B182-48A0CE365BE2}.Debug|Any CPU.Build.0 = Debug|Any CPU
		{900BAC64-FD8D-4B73-B182-48A0CE365BE2}.Release|Any CPU.ActiveCfg = Release|Any CPU
		{900BAC64-FD8D-4B73-B182-48A0CE365BE2}.Release|Any CPU.Build.0 = Release|Any CPU
	EndGlobalSection
	GlobalSection(SolutionProperties) = preSolution
		HideSolutionNode = FALSE
	EndGlobalSection
	GlobalSection(ExtensibilityGlobals) = postSolution
		SolutionGuid = {E4E25566-4F56-4F4D-98C4-ED4BF0BEE582}
	EndGlobalSection
EndGlobal
